
Microsoft Visual Studio Solution File, Format Version 12.00
# Visual Studio 15
VisualStudioVersion = 15.0.28307.102
MinimumVisualStudioVersion = 10.0.40219.1
Project("{FAE04EC0-301F-11D3-BF4B-00C04F79EFBC}") = "teste2.1.Web", "src\teste2.1.Web\teste2.1.Web.csproj", "{231978FC-626C-43BE-A53C-6162ADA95FDF}"
EndProject
Global
	GlobalSection(SolutionConfigurationPlatforms) = preSolution
		Debug|Any CPU = Debug|Any CPU
		Release|Any CPU = Release|Any CPU
	EndGlobalSection
	GlobalSection(ProjectConfigurationPlatforms) = postSolution
		{231978FC-626C-43BE-A53C-6162ADA95FDF}.Debug|Any CPU.ActiveCfg = Debug|Any CPU
		{231978FC-626C-43BE-A53C-6162ADA95FDF}.Debug|Any CPU.Build.0 = Debug|Any CPU
		{231978FC-626C-43BE-A53C-6162ADA95FDF}.Release|Any CPU.ActiveCfg = Release|Any CPU
		{231978FC-626C-43BE-A53C-6162ADA95FDF}.Release|Any CPU.Build.0 = Release|Any CPU
	EndGlobalSection
	GlobalSection(SolutionProperties) = preSolution
		HideSolutionNode = FALSE
	EndGlobalSection
	GlobalSection(ExtensibilityGlobals) = postSolution
		SolutionGuid = {D87F2266-317E-46B4-8177-7C431FB1EFE3}
	EndGlobalSection
EndGlobal
